// !$*UTF8*$!
{
	archiveVersion = 1;
	classes = {
	};
	objectVersion = 50;
	objects = {

/* Begin PBXBuildFile section */
		04209D112420779B00DDE77D /* AppDelegate.m in Sources */ = {isa = PBXBuildFile; fileRef = 04209D102420779B00DDE77D /* AppDelegate.m */; };
		04209D142420779B00DDE77D /* SceneDelegate.m in Sources */ = {isa = PBXBuildFile; fileRef = 04209D132420779B00DDE77D /* SceneDelegate.m */; };
		04209D172420779B00DDE77D /* FirstViewController.m in Sources */ = {isa = PBXBuildFile; fileRef = 04209D162420779B00DDE77D /* FirstViewController.m */; };
		04209D1A2420779B00DDE77D /* SecondViewController.m in Sources */ = {isa = PBXBuildFile; fileRef = 04209D192420779B00DDE77D /* SecondViewController.m */; };
		04209D1D2420779B00DDE77D /* Main.storyboard in Resources */ = {isa = PBXBuildFile; fileRef = 04209D1B2420779B00DDE77D /* Main.storyboard */; };
		04209D1F2420779C00DDE77D /* Assets.xcassets in Resources */ = {isa = PBXBuildFile; fileRef = 04209D1E2420779C00DDE77D /* Assets.xcassets */; };
		04209D222420779C00DDE77D /* LaunchScreen.storyboard in Resources */ = {isa = PBXBuildFile; fileRef = 04209D202420779C00DDE77D /* LaunchScreen.storyboard */; };
		04209D252420779C00DDE77D /* main.m in Sources */ = {isa = PBXBuildFile; fileRef = 04209D242420779C00DDE77D /* main.m */; };
/* End PBXBuildFile section */

/* Begin PBXFileReference section */
		04209D0C2420779B00DDE77D /* NewsDetail.app */ = {isa = PBXFileReference; explicitFileType = wrapper.application; includeInIndex = 0; path = NewsDetail.app; sourceTree = BUILT_PRODUCTS_DIR; };
		04209D0F2420779B00DDE77D /* AppDelegate.h */ = {isa = PBXFileReference; lastKnownFileType = sourcecode.c.h; path = AppDelegate.h; sourceTree = "<group>"; };
		04209D102420779B00DDE77D /* AppDelegate.m */ = {isa = PBXFileReference; lastKnownFileType = sourcecode.c.objc; path = AppDelegate.m; sourceTree = "<group>"; };
		04209D122420779B00DDE77D /* SceneDelegate.h */ = {isa = PBXFileReference; lastKnownFileType = sourcecode.c.h; path = SceneDelegate.h; sourceTree = "<group>"; };
		04209D132420779B00DDE77D /* SceneDelegate.m */ = {isa = PBXFileReference; lastKnownFileType = sourcecode.c.objc; path = SceneDelegate.m; sourceTree = "<group>"; };
		04209D152420779B00DDE77D /* FirstViewController.h */ = {isa = PBXFileReference; lastKnownFileType = sourcecode.c.h; path = FirstViewController.h; sourceTree = "<group>"; };
		04209D162420779B00DDE77D /* FirstViewController.m */ = {isa = PBXFileReference; lastKnownFileType = sourcecode.c.objc; path = FirstViewController.m; sourceTree = "<group>"; };
		04209D182420779B00DDE77D /* SecondViewController.h */ = {isa = PBXFileReference; lastKnownFileType = sourcecode.c.h; path = SecondViewController.h; sourceTree = "<group>"; };
		04209D192420779B00DDE77D /* SecondViewController.m */ = {isa = PBXFileReference; lastKnownFileType = sourcecode.c.objc; path = SecondViewController.m; sourceTree = "<group>"; };
		04209D1C2420779B00DDE77D /* Base */ = {isa = PBXFileReference; lastKnownFileType = file.storyboard; name = Base; path = Base.lproj/Main.storyboard; sourceTree = "<group>"; };
		04209D1E2420779C00DDE77D /* Assets.xcassets */ = {isa = PBXFileReference; lastKnownFileType = folder.assetcatalog; path = Assets.xcassets; sourceTree = "<group>"; };
		04209D212420779C00DDE77D /* Base */ = {isa = PBXFileReference; lastKnownFileType = file.storyboard; name = Base; path = Base.lproj/LaunchScreen.storyboard; sourceTree = "<group>"; };
		04209D232420779C00DDE77D /* Info.plist */ = {isa = PBXFileReference; lastKnownFileType = text.plist.xml; path = Info.plist; sourceTree = "<group>"; };
		04209D242420779C00DDE77D /* main.m */ = {isa = PBXFileReference; lastKnownFileType = sourcecode.c.objc; path = main.m; sourceTree = "<group>"; };
/* End PBXFileReference section */

/* Begin PBXFrameworksBuildPhase section */
		04209D092420779B00DDE77D /* Frameworks */ = {
			isa = PBXFrameworksBuildPhase;
			buildActionMask = 2147483647;
			files = (
			);
			runOnlyForDeploymentPostprocessing = 0;
		};
/* End PBXFrameworksBuildPhase section */

/* Begin PBXGroup section */
		04209D032420779B00DDE77D = {
			isa = PBXGroup;
			children = (
				04209D0E2420779B00DDE77D /* NewsDetail */,
				04209D0D2420779B00DDE77D /* Products */,
			);
			sourceTree = "<group>";
		};
		04209D0D2420779B00DDE77D /* Products */ = {
			isa = PBXGroup;
			children = (
				04209D0C2420779B00DDE77D /* NewsDetail.app */,
			);
			name = Products;
			sourceTree = "<group>";
		};
		04209D0E2420779B00DDE77D /* NewsDetail */ = {
			isa = PBXGroup;
			children = (
				04209D0F2420779B00DDE77D /* AppDelegate.h */,
				04209D102420779B00DDE77D /* AppDelegate.m */,
				04209D122420779B00DDE77D /* SceneDelegate.h */,
				04209D132420779B00DDE77D /* SceneDelegate.m */,
				04209D152420779B00DDE77D /* FirstViewController.h */,
				04209D162420779B00DDE77D /* FirstViewController.m */,
				04209D182420779B00DDE77D /* SecondViewController.h */,
				04209D192420779B00DDE77D /* SecondViewController.m */,
				04209D1B2420779B00DDE77D /* Main.storyboard */,
				04209D1E2420779C00DDE77D /* Assets.xcassets */,
				04209D202420779C00DDE77D /* LaunchScreen.storyboard */,
				04209D232420779C00DDE77D /* Info.plist */,
				04209D242420779C00DDE77D /* main.m */,
			);
			path = NewsDetail;
			sourceTree = "<group>";
		};
/* End PBXGroup section */

/* Begin PBXNativeTarget section */
		04209D0B2420779B00DDE77D /* NewsDetail */ = {
			isa = PBXNativeTarget;
			buildConfigurationList = 04209D282420779C00DDE77D /* Build configuration list for PBXNativeTarget "NewsDetail" */;
			buildPhases = (
				04209D082420779B00DDE77D /* Sources */,
				04209D092420779B00DDE77D /* Frameworks */,
				04209D0A2420779B00DDE77D /* Resources */,
			);
			buildRules = (
			);
			dependencies = (
			);
			name = NewsDetail;
			productName = NewsDetail;
			productReference = 04209D0C2420779B00DDE77D /* NewsDetail.app */;
			productType = "com.apple.product-type.application";
		};
/* End PBXNativeTarget section */

/* Begin PBXProject section */
		04209D042420779B00DDE77D /* Project object */ = {
			isa = PBXProject;
			attributes = {
				LastUpgradeCheck = 1130;
				ORGANIZATIONNAME = NewsDetail;
				TargetAttributes = {
					04209D0B2420779B00DDE77D = {
						CreatedOnToolsVersion = 11.3;
					};
				};
			};
			buildConfigurationList = 04209D072420779B00DDE77D /* Build configuration list for PBXProject "NewsDetail" */;
			compatibilityVersion = "Xcode 9.3";
			developmentRegion = en;
			hasScannedForEncodings = 0;
			knownRegions = (
				en,
				Base,
			);
			mainGroup = 04209D032420779B00DDE77D;
			productRefGroup = 04209D0D2420779B00DDE77D /* Products */;
			projectDirPath = "";
			projectRoot = "";
			targets = (
				04209D0B2420779B00DDE77D /* NewsDetail */,
			);
		};
/* End PBXProject section */

/* Begin PBXResourcesBuildPhase section */
		04209D0A2420779B00DDE77D /* Resources */ = {
			isa = PBXResourcesBuildPhase;
			buildActionMask = 2147483647;
			files = (
				04209D222420779C00DDE77D /* LaunchScreen.storyboard in Resources */,
				04209D1F2420779C00DDE77D /* Assets.xcassets in Resources */,
				04209D1D2420779B00DDE77D /* Main.storyboard in Resources */,
			);
			runOnlyForDeploymentPostprocessing = 0;
		};
/* End PBXResourcesBuildPhase section */

/* Begin PBXSourcesBuildPhase section */
		04209D082420779B00DDE77D /* Sources */ = {
			isa = PBXSourcesBuildPhase;
			buildActionMask = 2147483647;
			files = (
				04209D252420779C00DDE77D /* main.m in Sources */,
				04209D1A2420779B00DDE77D /* SecondViewController.m in Sources */,
				04209D112420779B00DDE77D /* AppDelegate.m in Sources */,
				04209D172420779B00DDE77D /* FirstViewController.m in Sources */,
				04209D142420779B00DDE77D /* SceneDelegate.m in Sources */,
			);
			runOnlyForDeploymentPostprocessing = 0;
		};
/* End PBXSourcesBuildPhase section */

/* Begin PBXVariantGroup section */
		04209D1B2420779B00DDE77D /* Main.storyboard */ = {
			isa = PBXVariantGroup;
			children = (
				04209D1C2420779B00DDE77D /* Base */,
			);
			name = Main.storyboard;
			sourceTree = "<group>";
		};
		04209D202420779C00DDE77D /* LaunchScreen.storyboard */ = {
			isa = PBXVariantGroup;
			children = (
				04209D212420779C00DDE77D /* Base */,
			);
			name = LaunchScreen.storyboard;
			sourceTree = "<group>";
		};
/* End PBXVariantGroup section */

/* Begin XCBuildConfiguration section */
		04209D262420779C00DDE77D /* Debug */ = {
			isa = XCBuildConfiguration;
			buildSettings = {
				ALWAYS_SEARCH_USER_PATHS = NO;
				CLANG_ANALYZER_NONNULL = YES;
				CLANG_ANALYZER_NUMBER_OBJECT_CONVERSION = YES_AGGRESSIVE;
				CLANG_CXX_LANGUAGE_STANDARD = "gnu++14";
				CLANG_CXX_LIBRARY = "libc++";
				CLANG_ENABLE_MODULES = YES;
				CLANG_ENABLE_OBJC_ARC = YES;
				CLANG_ENABLE_OBJC_WEAK = YES;
				CLANG_WARN_BLOCK_CAPTURE_AUTORELEASING = YES;
				CLANG_WARN_BOOL_CONVERSION = YES;
				CLANG_WARN_COMMA = YES;
				CLANG_WARN_CONSTANT_CONVERSION = YES;
				CLANG_WARN_DEPRECATED_OBJC_IMPLEMENTATIONS = YES;
				CLANG_WARN_DIRECT_OBJC_ISA_USAGE = YES_ERROR;
				CLANG_WARN_DOCUMENTATION_COMMENTS = YES;
				CLANG_WARN_EMPTY_BODY = YES;
				CLANG_WARN_ENUM_CONVERSION = YES;
				CLANG_WARN_INFINITE_RECURSION = YES;
				CLANG_WARN_INT_CONVERSION = YES;
				CLANG_WARN_NON_LITERAL_NULL_CONVERSION = YES;
				CLANG_WARN_OBJC_IMPLICIT_RETAIN_SELF = YES;
				CLANG_WARN_OBJC_LITERAL_CONVERSION = YES;
				CLANG_WARN_OBJC_ROOT_CLASS = YES_ERROR;
				CLANG_WARN_RANGE_LOOP_ANALYSIS = YES;
				CLANG_WARN_STRICT_PROTOTYPES = YES;
				CLANG_WARN_SUSPICIOUS_MOVE = YES;
				CLANG_WARN_UNGUARDED_AVAILABILITY = YES_AGGRESSIVE;
				CLANG_WARN_UNREACHABLE_CODE = YES;
				CLANG_WARN__DUPLICATE_METHOD_MATCH = YES;
				COPY_PHASE_STRIP = NO;
				DEBUG_INFORMATION_FORMAT = dwarf;
				ENABLE_STRICT_OBJC_MSGSEND = YES;
				ENABLE_TESTABILITY = YES;
				GCC_C_LANGUAGE_STANDARD = gnu11;
				GCC_DYNAMIC_NO_PIC = NO;
				GCC_NO_COMMON_BLOCKS = YES;
				GCC_OPTIMIZATION_LEVEL = 0;
				GCC_PREPROCESSOR_DEFINITIONS = (
					"DEBUG=1",
					"$(inherited)",
				);
				GCC_WARN_64_TO_32_BIT_CONVERSION = YES;
				GCC_WARN_ABOUT_RETURN_TYPE = YES_ERROR;
				GCC_WARN_UNDECLARED_SELECTOR = YES;
				GCC_WARN_UNINITIALIZED_AUTOS = YES_AGGRESSIVE;
				GCC_WARN_UNUSED_FUNCTION = YES;
				GCC_WARN_UNUSED_VARIABLE = YES;
				IPHONEOS_DEPLOYMENT_TARGET = 13.2;
				MTL_ENABLE_DEBUG_INFO = INCLUDE_SOURCE;
				MTL_FAST_MATH = YES;
				ONLY_ACTIVE_ARCH = YES;
				SDKROOT = iphoneos;
			};
			name = Debug;
		};
		04209D272420779C00DDE77D /* Release */ = {
			isa = XCBuildConfiguration;
			buildSettings = {
				ALWAYS_SEARCH_USER_PATHS = NO;
				CLANG_ANALYZER_NONNULL = YES;
				CLANG_ANALYZER_NUMBER_OBJECT_CONVERSION = YES_AGGRESSIVE;
				CLANG_CXX_LANGUAGE_STANDARD = "gnu++14";
				CLANG_CXX_LIBRARY = "libc++";
				CLANG_ENABLE_MODULES = YES;
				CLANG_ENABLE_OBJC_ARC = YES;
				CLANG_ENABLE_OBJC_WEAK = YES;
				CLANG_WARN_BLOCK_CAPTURE_AUTORELEASING = YES;
				CLANG_WARN_BOOL_CONVERSION = YES;
				CLANG_WARN_COMMA = YES;
				CLANG_WARN_CONSTANT_CONVERSION = YES;
				CLANG_WARN_DEPRECATED_OBJC_IMPLEMENTATIONS = YES;
				CLANG_WARN_DIRECT_OBJC_ISA_USAGE = YES_ERROR;
				CLANG_WARN_DOCUMENTATION_COMMENTS = YES;
				CLANG_WARN_EMPTY_BODY = YES;
				CLANG_WARN_ENUM_CONVERSION = YES;
				CLANG_WARN_INFINITE_RECURSION = YES;
				CLANG_WARN_INT_CONVERSION = YES;
				CLANG_WARN_NON_LITERAL_NULL_CONVERSION = YES;
				CLANG_WARN_OBJC_IMPLICIT_RETAIN_SELF = YES;
				CLANG_WARN_OBJC_LITERAL_CONVERSION = YES;
				CLANG_WARN_OBJC_ROOT_CLASS = YES_ERROR;
				CLANG_WARN_RANGE_LOOP_ANALYSIS = YES;
				CLANG_WARN_STRICT_PROTOTYPES = YES;
				CLANG_WARN_SUSPICIOUS_MOVE = YES;
				CLANG_WARN_UNGUARDED_AVAILABILITY = YES_AGGRESSIVE;
				CLANG_WARN_UNREACHABLE_CODE = YES;
				CLANG_WARN__DUPLICATE_METHOD_MATCH = YES;
				COPY_PHASE_STRIP = NO;
				DEBUG_INFORMATION_FORMAT = "dwarf-with-dsym";
				ENABLE_NS_ASSERTIONS = NO;
				ENABLE_STRICT_OBJC_MSGSEND = YES;
				GCC_C_LANGUAGE_STANDARD = gnu11;
				GCC_NO_COMMON_BLOCKS = YES;
				GCC_WARN_64_TO_32_BIT_CONVERSION = YES;
				GCC_WARN_ABOUT_RETURN_TYPE = YES_ERROR;
				GCC_WARN_UNDECLARED_SELECTOR = YES;
				GCC_WARN_UNINITIALIZED_AUTOS = YES_AGGRESSIVE;
				GCC_WARN_UNUSED_FUNCTION = YES;
				GCC_WARN_UNUSED_VARIABLE = YES;
				IPHONEOS_DEPLOYMENT_TARGET = 13.2;
				MTL_ENABLE_DEBUG_INFO = NO;
				MTL_FAST_MATH = YES;
				SDKROOT = iphoneos;
				VALIDATE_PRODUCT = YES;
			};
			name = Release;
		};
		04209D292420779C00DDE77D /* Debug */ = {
			isa = XCBuildConfiguration;
			buildSettings = {
				ASSETCATALOG_COMPILER_APPICON_NAME = AppIcon;
				CODE_SIGN_STYLE = Automatic;
				DEVELOPMENT_TEAM = RA3S34K4EA;
				INFOPLIST_FILE = NewsDetail/Info.plist;
				LD_RUNPATH_SEARCH_PATHS = (
					"$(inherited)",
					"@executable_path/Frameworks",
				);
				PRODUCT_BUNDLE_IDENTIFIER = com.dachen.NewsDetail;
				PRODUCT_NAME = "$(TARGET_NAME)";
				TARGETED_DEVICE_FAMILY = "1,2";
			};
			name = Debug;
		};
		04209D2A2420779C00DDE77D /* Release */ = {
			isa = XCBuildConfiguration;
			buildSettings = {
				ASSETCATALOG_COMPILER_APPICON_NAME = AppIcon;
				CODE_SIGN_STYLE = Automatic;
				DEVELOPMENT_TEAM = RA3S34K4EA;
				INFOPLIST_FILE = NewsDetail/Info.plist;
				LD_RUNPATH_SEARCH_PATHS = (
					"$(inherited)",
					"@executable_path/Frameworks",
				);
				PRODUCT_BUNDLE_IDENTIFIER = com.dachen.NewsDetail;
				PRODUCT_NAME = "$(TARGET_NAME)";
				TARGETED_DEVICE_FAMILY = "1,2";
			};
			name = Release;
		};
/* End XCBuildConfiguration section */

/* Begin XCConfigurationList section */
		04209D072420779B00DDE77D /* Build configuration list for PBXProject "NewsDetail" */ = {
			isa = XCConfigurationList;
			buildConfigurations = (
				04209D262420779C00DDE77D /* Debug */,
				04209D272420779C00DDE77D /* Release */,
			);
			defaultConfigurationIsVisible = 0;
			defaultConfigurationName = Release;
		};
		04209D282420779C00DDE77D /* Build configuration list for PBXNativeTarget "NewsDetail" */ = {
			isa = XCConfigurationList;
			buildConfigurations = (
				04209D292420779C00DDE77D /* Debug */,
				04209D2A2420779C00DDE77D /* Release */,
			);
			defaultConfigurationIsVisible = 0;
			defaultConfigurationName = Release;
		};
/* End XCConfigurationList section */
	};
	rootObject = 04209D042420779B00DDE77D /* Project object */;
}
